Microsoft Visual Studio Solution File, Format Version 10.00
# Visual Studio 2008
Project("{FAE04EC0-301F-11D3-BF4B-00C04F79EFBC}") = "Aurora", "Aurora/Application/Aurora.csproj", "{75913F80-0000-0000-0000-000000000000}"
EndProject
Project("{FAE04EC0-301F-11D3-BF4B-00C04F79EFBC}") = "Aurora.Addon.DataSnapshot", "addon-modules/DataSnapshot/Modules/Aurora.Addon.DataSnapshot.csproj", "{415601EA-0000-0000-0000-000000000000}"
EndProject
Project("{FAE04EC0-301F-11D3-BF4B-00C04F79EFBC}") = "Aurora.Addon.FractalTerrain", "addon-modules/FractalTerrain/Modules/Aurora.Addon.FractalTerrain.csproj", "{020CEA60-0000-0000-0000-000000000000}"
EndProject
Project("{FAE04EC0-301F-11D3-BF4B-00C04F79EFBC}") = "Aurora.Addon.IRCChat", "addon-modules/IRCChat/Modules/Aurora.Addon.IRCChat.csproj", "{119FB2F6-0000-0000-0000-000000000000}"
EndProject
Project("{FAE04EC0-301F-11D3-BF4B-00C04F79EFBC}") = "Aurora.Addon.RegApi", "addon-modules/RegApi/Modules/Aurora.Addon.RegApi.csproj", "{C6B6A842-0000-0000-0000-000000000000}"
EndProject
Project("{FAE04EC0-301F-11D3-BF4B-00C04F79EFBC}") = "Aurora.Addon.ScriptEngine.YieldProlog", "addon-modules/YieldProlog/Modules/Aurora.Addon.ScriptEngine.YieldProlog.csproj", "{E355921F-0000-0000-0000-000000000000}"
EndProject
Project("{FAE04EC0-301F-11D3-BF4B-00C04F79EFBC}") = "Aurora.Addon.ScriptingAddons", "addon-modules/Scripting/Modules/Aurora.Addon.ScriptingAddons.csproj", "{4BF04C6E-0000-0000-0000-000000000000}"
EndProject
Project("{FAE04EC0-301F-11D3-BF4B-00C04F79EFBC}") = "Aurora.Addon.VivoxVoice", "addon-modules/VivoxVoice/Modules/Aurora.Addon.VivoxVoice.csproj", "{855B90A2-0000-0000-0000-000000000000}"
EndProject
Project("{FAE04EC0-301F-11D3-BF4B-00C04F79EFBC}") = "Aurora.Addon.WebUI", "addon-modules/AuroraWebUI/Modules/Aurora.Addon.WebUI.csproj", "{C49EDE0C-0000-0000-0000-000000000000}"
EndProject
Project("{FAE04EC0-301F-11D3-BF4B-00C04F79EFBC}") = "Aurora.Addon.WorldView", "addon-modules/WorldView/Modules/Aurora.Addon.WorldView.csproj", "{04BD0C7B-0000-0000-0000-000000000000}"
EndProject
Project("{FAE04EC0-301F-11D3-BF4B-00C04F79EFBC}") = "Aurora.BotManager", "Aurora/BotManager/Aurora.BotManager.csproj", "{53117734-0000-0000-0000-000000000000}"
EndProject
Project("{FAE04EC0-301F-11D3-BF4B-00C04F79EFBC}") = "Aurora.CoreApplicationPlugins", "Aurora/CoreApplicationPlugins/Aurora.CoreApplicationPlugins.csproj", "{F882587D-0000-0000-0000-000000000000}"
EndProject
Project("{FAE04EC0-301F-11D3-BF4B-00C04F79EFBC}") = "Aurora.DataManager", "Aurora/DataManager/Aurora.DataManager.csproj", "{C3030315-0000-0000-0000-000000000000}"
EndProject
Project("{FAE04EC0-301F-11D3-BF4B-00C04F79EFBC}") = "Aurora.DataManager.MySQL", "Aurora/DataManagerPlugins/MySQL/Aurora.DataManager.MySQL.csproj", "{914BE049-0000-0000-0000-000000000000}"
EndProject
Project("{FAE04EC0-301F-11D3-BF4B-00C04F79EFBC}") = "Aurora.DataManager.SQLite", "Aurora/DataManagerPlugins/SQLite/Aurora.DataManager.SQLite.csproj", "{A036C125-0000-0000-0000-000000000000}"
EndProject
Project("{FAE04EC0-301F-11D3-BF4B-00C04F79EFBC}") = "Aurora.Framework", "Aurora/Framework/Aurora.Framework.csproj", "{ABDA44F0-0000-0000-0000-000000000000}"
EndProject
Project("{FAE04EC0-301F-11D3-BF4B-00C04F79EFBC}") = "Aurora.Management", "Aurora/Management/Aurora.Management.csproj", "{72F48391-0000-0000-0000-000000000000}"
EndProject
Project("{FAE04EC0-301F-11D3-BF4B-00C04F79EFBC}") = "Aurora.Modules", "Aurora/Modules/Aurora.Modules.csproj", "{A4F18EF9-0000-0000-0000-000000000000}"
EndProject
Project("{FAE04EC0-301F-11D3-BF4B-00C04F79EFBC}") = "Aurora.Physics.AuroraOpenDynamicsEngine", "Aurora/Physics/AuroraOpenDynamicsEngine/Aurora.Physics.AuroraOpenDynamicsEngine.csproj", "{4965AE95-0000-0000-0000-000000000000}"
EndProject
Project("{FAE04EC0-301F-11D3-BF4B-00C04F79EFBC}") = "Aurora.Physics.BasicPhysicsPlugin", "Aurora/Physics/BasicPhysicsPlugin/Aurora.Physics.BasicPhysicsPlugin.csproj", "{5F491141-0000-0000-0000-000000000000}"
EndProject
Project("{FAE04EC0-301F-11D3-BF4B-00C04F79EFBC}") = "Aurora.Physics.Meshing", "Aurora/Physics/Meshing/Aurora.Physics.Meshing.csproj", "{51454B80-0000-0000-0000-000000000000}"
EndProject
Project("{FAE04EC0-301F-11D3-BF4B-00C04F79EFBC}") = "Aurora.Physics.ModifiedBulletSim", "Aurora/Physics/ModifiedBulletSim/Aurora.Physics.ModifiedBulletSim.csproj", "{33176A97-0000-0000-0000-000000000000}"
EndProject
Project("{FAE04EC0-301F-11D3-BF4B-00C04F79EFBC}") = "Aurora.ScriptEngine.AuroraDotNetEngine", "Aurora/AuroraDotNetEngine/Aurora.ScriptEngine.AuroraDotNetEngine.csproj", "{4B5CBCA9-0000-0000-0000-000000000000}"
EndProject
Project("{FAE04EC0-301F-11D3-BF4B-00C04F79EFBC}") = "Aurora.Server", "Aurora/Server/Aurora.Server.csproj", "{C4B61191-0000-0000-0000-000000000000}"
EndProject
Project("{FAE04EC0-301F-11D3-BF4B-00C04F79EFBC}") = "Aurora.Services.DataService", "Aurora/Services/DataService/Aurora.Services.DataService.csproj", "{2CA3EFC9-0000-0000-0000-000000000000}"
EndProject
Project("{FAE04EC0-301F-11D3-BF4B-00C04F79EFBC}") = "Aurora.Simulation.Base", "Aurora/Simulation/Base/Aurora.Simulation.Base.csproj", "{8F4B0FEA-0000-0000-0000-000000000000}"
EndProject
Project("{FAE04EC0-301F-11D3-BF4B-00C04F79EFBC}") = "OpenSim.Region.ClientStack.LindenUDP", "OpenSim/Region/ClientStack/LindenUDP/OpenSim.Region.ClientStack.LindenUDP.csproj", "{535EEFBB-0000-0000-0000-000000000000}"
EndProject
Project("{FAE04EC0-301F-11D3-BF4B-00C04F79EFBC}") = "OpenSim.Region.Framework", "OpenSim/Region/Framework/OpenSim.Region.Framework.csproj", "{9169B545-0000-0000-0000-000000000000}"
EndProject
Project("{FAE04EC0-301F-11D3-BF4B-00C04F79EFBC}") = "OpenSim.Services", "OpenSim/Services/OpenSim.Services.csproj", "{12D5CB3F-0000-0000-0000-000000000000}"
EndProject
Project("{FAE04EC0-301F-11D3-BF4B-00C04F79EFBC}") = "SmartThreadPool", "OpenSim/Tools/SmartThreadPool/SmartThreadPool.csproj", "{C22347CF-0000-0000-0000-000000000000}"
EndProject
Global
	GlobalSection(SolutionConfigurationPlatforms) = preSolution
		Debug|x86 = Debug|x86
		Debug|Any CPU = Debug|Any CPU
		Debug|x64 = Debug|x64
		Release|x86 = Release|x86
		Release|Any CPU = Release|Any CPU
		Release|x64 = Release|x64
	EndGlobalSection
	GlobalSection(ProjectConfigurationPlatforms) = postSolution
		{75913F80-0000-0000-0000-000000000000}.Debug|x86.ActiveCfg = Debug|x86
		{75913F80-0000-0000-0000-000000000000}.Debug|x86.Build.0 = Debug|x86
		{75913F80-0000-0000-0000-000000000000}.Debug|Any CPU.ActiveCfg = Debug|Any CPU
		{75913F80-0000-0000-0000-000000000000}.Debug|Any CPU.Build.0 = Debug|Any CPU
		{75913F80-0000-0000-0000-000000000000}.Debug|x64.ActiveCfg = Debug|x64
		{75913F80-0000-0000-0000-000000000000}.Debug|x64.Build.0 = Debug|x64
		{75913F80-0000-0000-0000-000000000000}.Release|x86.ActiveCfg = Release|x86
		{75913F80-0000-0000-0000-000000000000}.Release|x86.Build.0 = Release|x86
		{75913F80-0000-0000-0000-000000000000}.Release|Any CPU.ActiveCfg = Release|Any CPU
		{75913F80-0000-0000-0000-000000000000}.Release|Any CPU.Build.0 = Release|Any CPU
		{75913F80-0000-0000-0000-000000000000}.Release|x64.ActiveCfg = Release|x64
		{75913F80-0000-0000-0000-000000000000}.Release|x64.Build.0 = Release|x64
		{415601EA-0000-0000-0000-000000000000}.Debug|x86.ActiveCfg = Debug|x86
		{415601EA-0000-0000-0000-000000000000}.Debug|x86.Build.0 = Debug|x86
		{415601EA-0000-0000-0000-000000000000}.Debug|Any CPU.ActiveCfg = Debug|Any CPU
		{415601EA-0000-0000-0000-000000000000}.Debug|Any CPU.Build.0 = Debug|Any CPU
		{415601EA-0000-0000-0000-000000000000}.Debug|x64.ActiveCfg = Debug|x64
		{415601EA-0000-0000-0000-000000000000}.Debug|x64.Build.0 = Debug|x64
		{415601EA-0000-0000-0000-000000000000}.Release|x86.ActiveCfg = Release|x86
		{415601EA-0000-0000-0000-000000000000}.Release|x86.Build.0 = Release|x86
		{415601EA-0000-0000-0000-000000000000}.Release|Any CPU.ActiveCfg = Release|Any CPU
		{415601EA-0000-0000-0000-000000000000}.Release|Any CPU.Build.0 = Release|Any CPU
		{415601EA-0000-0000-0000-000000000000}.Release|x64.ActiveCfg = Release|x64
		{415601EA-0000-0000-0000-000000000000}.Release|x64.Build.0 = Release|x64
		{020CEA60-0000-0000-0000-000000000000}.Debug|x86.ActiveCfg = Debug|x86
		{020CEA60-0000-0000-0000-000000000000}.Debug|x86.Build.0 = Debug|x86
		{020CEA60-0000-0000-0000-000000000000}.Debug|Any CPU.ActiveCfg = Debug|Any CPU
		{020CEA60-0000-0000-0000-000000000000}.Debug|Any CPU.Build.0 = Debug|Any CPU
		{020CEA60-0000-0000-0000-000000000000}.Debug|x64.ActiveCfg = Debug|x64
		{020CEA60-0000-0000-0000-000000000000}.Debug|x64.Build.0 = Debug|x64
		{020CEA60-0000-0000-0000-000000000000}.Release|x86.ActiveCfg = Release|x86
		{020CEA60-0000-0000-0000-000000000000}.Release|x86.Build.0 = Release|x86
		{020CEA60-0000-0000-0000-000000000000}.Release|Any CPU.ActiveCfg = Release|Any CPU
		{020CEA60-0000-0000-0000-000000000000}.Release|Any CPU.Build.0 = Release|Any CPU
		{020CEA60-0000-0000-0000-000000000000}.Release|x64.ActiveCfg = Release|x64
		{020CEA60-0000-0000-0000-000000000000}.Release|x64.Build.0 = Release|x64
		{119FB2F6-0000-0000-0000-000000000000}.Debug|x86.ActiveCfg = Debug|x86
		{119FB2F6-0000-0000-0000-000000000000}.Debug|x86.Build.0 = Debug|x86
		{119FB2F6-0000-0000-0000-000000000000}.Debug|Any CPU.ActiveCfg = Debug|Any CPU
		{119FB2F6-0000-0000-0000-000000000000}.Debug|Any CPU.Build.0 = Debug|Any CPU
		{119FB2F6-0000-0000-0000-000000000000}.Debug|x64.ActiveCfg = Debug|x64
		{119FB2F6-0000-0000-0000-000000000000}.Debug|x64.Build.0 = Debug|x64
		{119FB2F6-0000-0000-0000-000000000000}.Release|x86.ActiveCfg = Release|x86
		{119FB2F6-0000-0000-0000-000000000000}.Release|x86.Build.0 = Release|x86
		{119FB2F6-0000-0000-0000-000000000000}.Release|Any CPU.ActiveCfg = Release|Any CPU
		{119FB2F6-0000-0000-0000-000000000000}.Release|Any CPU.Build.0 = Release|Any CPU
		{119FB2F6-0000-0000-0000-000000000000}.Release|x64.ActiveCfg = Release|x64
		{119FB2F6-0000-0000-0000-000000000000}.Release|x64.Build.0 = Release|x64
		{C6B6A842-0000-0000-0000-000000000000}.Debug|x86.ActiveCfg = Debug|x86
		{C6B6A842-0000-0000-0000-000000000000}.Debug|x86.Build.0 = Debug|x86
		{C6B6A842-0000-0000-0000-000000000000}.Debug|Any CPU.ActiveCfg = Debug|Any CPU
		{C6B6A842-0000-0000-0000-000000000000}.Debug|Any CPU.Build.0 = Debug|Any CPU
		{C6B6A842-0000-0000-0000-000000000000}.Debug|x64.ActiveCfg = Debug|x64
		{C6B6A842-0000-0000-0000-000000000000}.Debug|x64.Build.0 = Debug|x64
		{C6B6A842-0000-0000-0000-000000000000}.Release|x86.ActiveCfg = Release|x86
		{C6B6A842-0000-0000-0000-000000000000}.Release|x86.Build.0 = Release|x86
		{C6B6A842-0000-0000-0000-000000000000}.Release|Any CPU.ActiveCfg = Release|Any CPU
		{C6B6A842-0000-0000-0000-000000000000}.Release|Any CPU.Build.0 = Release|Any CPU
		{C6B6A842-0000-0000-0000-000000000000}.Release|x64.ActiveCfg = Release|x64
		{C6B6A842-0000-0000-0000-000000000000}.Release|x64.Build.0 = Release|x64
		{E355921F-0000-0000-0000-000000000000}.Debug|x86.ActiveCfg = Debug|x86
		{E355921F-0000-0000-0000-000000000000}.Debug|x86.Build.0 = Debug|x86
		{E355921F-0000-0000-0000-000000000000}.Debug|Any CPU.ActiveCfg = Debug|Any CPU
		{E355921F-0000-0000-0000-000000000000}.Debug|Any CPU.Build.0 = Debug|Any CPU
		{E355921F-0000-0000-0000-000000000000}.Debug|x64.ActiveCfg = Debug|x64
		{E355921F-0000-0000-0000-000000000000}.Debug|x64.Build.0 = Debug|x64
		{E355921F-0000-0000-0000-000000000000}.Release|x86.ActiveCfg = Release|x86
		{E355921F-0000-0000-0000-000000000000}.Release|x86.Build.0 = Release|x86
		{E355921F-0000-0000-0000-000000000000}.Release|Any CPU.ActiveCfg = Release|Any CPU
		{E355921F-0000-0000-0000-000000000000}.Release|Any CPU.Build.0 = Release|Any CPU
		{E355921F-0000-0000-0000-000000000000}.Release|x64.ActiveCfg = Release|x64
		{E355921F-0000-0000-0000-000000000000}.Release|x64.Build.0 = Release|x64
		{4BF04C6E-0000-0000-0000-000000000000}.Debug|x86.ActiveCfg = Debug|x86
		{4BF04C6E-0000-0000-0000-000000000000}.Debug|x86.Build.0 = Debug|x86
		{4BF04C6E-0000-0000-0000-000000000000}.Debug|Any CPU.ActiveCfg = Debug|Any CPU
		{4BF04C6E-0000-0000-0000-000000000000}.Debug|Any CPU.Build.0 = Debug|Any CPU
		{4BF04C6E-0000-0000-0000-000000000000}.Debug|x64.ActiveCfg = Debug|x64
		{4BF04C6E-0000-0000-0000-000000000000}.Debug|x64.Build.0 = Debug|x64
		{4BF04C6E-0000-0000-0000-000000000000}.Release|x86.ActiveCfg = Release|x86
		{4BF04C6E-0000-0000-0000-000000000000}.Release|x86.Build.0 = Release|x86
		{4BF04C6E-0000-0000-0000-000000000000}.Release|Any CPU.ActiveCfg = Release|Any CPU
		{4BF04C6E-0000-0000-0000-000000000000}.Release|Any CPU.Build.0 = Release|Any CPU
		{4BF04C6E-0000-0000-0000-000000000000}.Release|x64.ActiveCfg = Release|x64
		{4BF04C6E-0000-0000-0000-000000000000}.Release|x64.Build.0 = Release|x64
		{855B90A2-0000-0000-0000-000000000000}.Debug|x86.ActiveCfg = Debug|x86
		{855B90A2-0000-0000-0000-000000000000}.Debug|x86.Build.0 = Debug|x86
		{855B90A2-0000-0000-0000-000000000000}.Debug|Any CPU.ActiveCfg = Debug|Any CPU
		{855B90A2-0000-0000-0000-000000000000}.Debug|Any CPU.Build.0 = Debug|Any CPU
		{855B90A2-0000-0000-0000-000000000000}.Debug|x64.ActiveCfg = Debug|x64
		{855B90A2-0000-0000-0000-000000000000}.Debug|x64.Build.0 = Debug|x64
		{855B90A2-0000-0000-0000-000000000000}.Release|x86.ActiveCfg = Release|x86
		{855B90A2-0000-0000-0000-000000000000}.Release|x86.Build.0 = Release|x86
		{855B90A2-0000-0000-0000-000000000000}.Release|Any CPU.ActiveCfg = Release|Any CPU
		{855B90A2-0000-0000-0000-000000000000}.Release|Any CPU.Build.0 = Release|Any CPU
		{855B90A2-0000-0000-0000-000000000000}.Release|x64.ActiveCfg = Release|x64
		{855B90A2-0000-0000-0000-000000000000}.Release|x64.Build.0 = Release|x64
		{C49EDE0C-0000-0000-0000-000000000000}.Debug|x86.ActiveCfg = Debug|x86
		{C49EDE0C-0000-0000-0000-000000000000}.Debug|x86.Build.0 = Debug|x86
		{C49EDE0C-0000-0000-0000-000000000000}.Debug|Any CPU.ActiveCfg = Debug|Any CPU
		{C49EDE0C-0000-0000-0000-000000000000}.Debug|Any CPU.Build.0 = Debug|Any CPU
		{C49EDE0C-0000-0000-0000-000000000000}.Debug|x64.ActiveCfg = Debug|x64
		{C49EDE0C-0000-0000-0000-000000000000}.Debug|x64.Build.0 = Debug|x64
		{C49EDE0C-0000-0000-0000-000000000000}.Release|x86.ActiveCfg = Release|x86
		{C49EDE0C-0000-0000-0000-000000000000}.Release|x86.Build.0 = Release|x86
		{C49EDE0C-0000-0000-0000-000000000000}.Release|Any CPU.ActiveCfg = Release|Any CPU
		{C49EDE0C-0000-0000-0000-000000000000}.Release|Any CPU.Build.0 = Release|Any CPU
		{C49EDE0C-0000-0000-0000-000000000000}.Release|x64.ActiveCfg = Release|x64
		{C49EDE0C-0000-0000-0000-000000000000}.Release|x64.Build.0 = Release|x64
		{04BD0C7B-0000-0000-0000-000000000000}.Debug|x86.ActiveCfg = Debug|x86
		{04BD0C7B-0000-0000-0000-000000000000}.Debug|x86.Build.0 = Debug|x86
		{04BD0C7B-0000-0000-0000-000000000000}.Debug|Any CPU.ActiveCfg = Debug|Any CPU
		{04BD0C7B-0000-0000-0000-000000000000}.Debug|Any CPU.Build.0 = Debug|Any CPU
		{04BD0C7B-0000-0000-0000-000000000000}.Debug|x64.ActiveCfg = Debug|x64
		{04BD0C7B-0000-0000-0000-000000000000}.Debug|x64.Build.0 = Debug|x64
		{04BD0C7B-0000-0000-0000-000000000000}.Release|x86.ActiveCfg = Release|x86
		{04BD0C7B-0000-0000-0000-000000000000}.Release|x86.Build.0 = Release|x86
		{04BD0C7B-0000-0000-0000-000000000000}.Release|Any CPU.ActiveCfg = Release|Any CPU
		{04BD0C7B-0000-0000-0000-000000000000}.Release|Any CPU.Build.0 = Release|Any CPU
		{04BD0C7B-0000-0000-0000-000000000000}.Release|x64.ActiveCfg = Release|x64
		{04BD0C7B-0000-0000-0000-000000000000}.Release|x64.Build.0 = Release|x64
		{53117734-0000-0000-0000-000000000000}.Debug|x86.ActiveCfg = Debug|x86
		{53117734-0000-0000-0000-000000000000}.Debug|x86.Build.0 = Debug|x86
		{53117734-0000-0000-0000-000000000000}.Debug|Any CPU.ActiveCfg = Debug|Any CPU
		{53117734-0000-0000-0000-000000000000}.Debug|Any CPU.Build.0 = Debug|Any CPU
		{53117734-0000-0000-0000-000000000000}.Debug|x64.ActiveCfg = Debug|x64
		{53117734-0000-0000-0000-000000000000}.Debug|x64.Build.0 = Debug|x64
		{53117734-0000-0000-0000-000000000000}.Release|x86.ActiveCfg = Release|x86
		{53117734-0000-0000-0000-000000000000}.Release|x86.Build.0 = Release|x86
		{53117734-0000-0000-0000-000000000000}.Release|Any CPU.ActiveCfg = Release|Any CPU
		{53117734-0000-0000-0000-000000000000}.Release|Any CPU.Build.0 = Release|Any CPU
		{53117734-0000-0000-0000-000000000000}.Release|x64.ActiveCfg = Release|x64
		{53117734-0000-0000-0000-000000000000}.Release|x64.Build.0 = Release|x64
		{F882587D-0000-0000-0000-000000000000}.Debug|x86.ActiveCfg = Debug|x86
		{F882587D-0000-0000-0000-000000000000}.Debug|x86.Build.0 = Debug|x86
		{F882587D-0000-0000-0000-000000000000}.Debug|Any CPU.ActiveCfg = Debug|Any CPU
		{F882587D-0000-0000-0000-000000000000}.Debug|Any CPU.Build.0 = Debug|Any CPU
		{F882587D-0000-0000-0000-000000000000}.Debug|x64.ActiveCfg = Debug|x64
		{F882587D-0000-0000-0000-000000000000}.Debug|x64.Build.0 = Debug|x64
		{F882587D-0000-0000-0000-000000000000}.Release|x86.ActiveCfg = Release|x86
		{F882587D-0000-0000-0000-000000000000}.Release|x86.Build.0 = Release|x86
		{F882587D-0000-0000-0000-000000000000}.Release|Any CPU.ActiveCfg = Release|Any CPU
		{F882587D-0000-0000-0000-000000000000}.Release|Any CPU.Build.0 = Release|Any CPU
		{F882587D-0000-0000-0000-000000000000}.Release|x64.ActiveCfg = Release|x64
		{F882587D-0000-0000-0000-000000000000}.Release|x64.Build.0 = Release|x64
		{C3030315-0000-0000-0000-000000000000}.Debug|x86.ActiveCfg = Debug|x86
		{C3030315-0000-0000-0000-000000000000}.Debug|x86.Build.0 = Debug|x86
		{C3030315-0000-0000-0000-000000000000}.Debug|Any CPU.ActiveCfg = Debug|Any CPU
		{C3030315-0000-0000-0000-000000000000}.Debug|Any CPU.Build.0 = Debug|Any CPU
		{C3030315-0000-0000-0000-000000000000}.Debug|x64.ActiveCfg = Debug|x64
		{C3030315-0000-0000-0000-000000000000}.Debug|x64.Build.0 = Debug|x64
		{C3030315-0000-0000-0000-000000000000}.Release|x86.ActiveCfg = Release|x86
		{C3030315-0000-0000-0000-000000000000}.Release|x86.Build.0 = Release|x86
		{C3030315-0000-0000-0000-000000000000}.Release|Any CPU.ActiveCfg = Release|Any CPU
		{C3030315-0000-0000-0000-000000000000}.Release|Any CPU.Build.0 = Release|Any CPU
		{C3030315-0000-0000-0000-000000000000}.Release|x64.ActiveCfg = Release|x64
		{C3030315-0000-0000-0000-000000000000}.Release|x64.Build.0 = Release|x64
		{914BE049-0000-0000-0000-000000000000}.Debug|x86.ActiveCfg = Debug|x86
		{914BE049-0000-0000-0000-000000000000}.Debug|x86.Build.0 = Debug|x86
		{914BE049-0000-0000-0000-000000000000}.Debug|Any CPU.ActiveCfg = Debug|Any CPU
		{914BE049-0000-0000-0000-000000000000}.Debug|Any CPU.Build.0 = Debug|Any CPU
		{914BE049-0000-0000-0000-000000000000}.Debug|x64.ActiveCfg = Debug|x64
		{914BE049-0000-0000-0000-000000000000}.Debug|x64.Build.0 = Debug|x64
		{914BE049-0000-0000-0000-000000000000}.Release|x86.ActiveCfg = Release|x86
		{914BE049-0000-0000-0000-000000000000}.Release|x86.Build.0 = Release|x86
		{914BE049-0000-0000-0000-000000000000}.Release|Any CPU.ActiveCfg = Release|Any CPU
		{914BE049-0000-0000-0000-000000000000}.Release|Any CPU.Build.0 = Release|Any CPU
		{914BE049-0000-0000-0000-000000000000}.Release|x64.ActiveCfg = Release|x64
		{914BE049-0000-0000-0000-000000000000}.Release|x64.Build.0 = Release|x64
		{A036C125-0000-0000-0000-000000000000}.Debug|x86.ActiveCfg = Debug|x86
		{A036C125-0000-0000-0000-000000000000}.Debug|x86.Build.0 = Debug|x86
		{A036C125-0000-0000-0000-000000000000}.Debug|Any CPU.ActiveCfg = Debug|Any CPU
		{A036C125-0000-0000-0000-000000000000}.Debug|Any CPU.Build.0 = Debug|Any CPU
		{A036C125-0000-0000-0000-000000000000}.Debug|x64.ActiveCfg = Debug|x64
		{A036C125-0000-0000-0000-000000000000}.Debug|x64.Build.0 = Debug|x64
		{A036C125-0000-0000-0000-000000000000}.Release|x86.ActiveCfg = Release|x86
		{A036C125-0000-0000-0000-000000000000}.Release|x86.Build.0 = Release|x86
		{A036C125-0000-0000-0000-000000000000}.Release|Any CPU.ActiveCfg = Release|Any CPU
		{A036C125-0000-0000-0000-000000000000}.Release|Any CPU.Build.0 = Release|Any CPU
		{A036C125-0000-0000-0000-000000000000}.Release|x64.ActiveCfg = Release|x64
		{A036C125-0000-0000-0000-000000000000}.Release|x64.Build.0 = Release|x64
		{ABDA44F0-0000-0000-0000-000000000000}.Debug|x86.ActiveCfg = Debug|x86
		{ABDA44F0-0000-0000-0000-000000000000}.Debug|x86.Build.0 = Debug|x86
		{ABDA44F0-0000-0000-0000-000000000000}.Debug|Any CPU.ActiveCfg = Debug|Any CPU
		{ABDA44F0-0000-0000-0000-000000000000}.Debug|Any CPU.Build.0 = Debug|Any CPU
		{ABDA44F0-0000-0000-0000-000000000000}.Debug|x64.ActiveCfg = Debug|x64
		{ABDA44F0-0000-0000-0000-000000000000}.Debug|x64.Build.0 = Debug|x64
		{ABDA44F0-0000-0000-0000-000000000000}.Release|x86.ActiveCfg = Release|x86
		{ABDA44F0-0000-0000-0000-000000000000}.Release|x86.Build.0 = Release|x86
		{ABDA44F0-0000-0000-0000-000000000000}.Release|Any CPU.ActiveCfg = Release|Any CPU
		{ABDA44F0-0000-0000-0000-000000000000}.Release|Any CPU.Build.0 = Release|Any CPU
		{ABDA44F0-0000-0000-0000-000000000000}.Release|x64.ActiveCfg = Release|x64
		{ABDA44F0-0000-0000-0000-000000000000}.Release|x64.Build.0 = Release|x64
		{72F48391-0000-0000-0000-000000000000}.Debug|x86.ActiveCfg = Debug|x86
		{72F48391-0000-0000-0000-000000000000}.Debug|x86.Build.0 = Debug|x86
		{72F48391-0000-0000-0000-000000000000}.Debug|Any CPU.ActiveCfg = Debug|Any CPU
		{72F48391-0000-0000-0000-000000000000}.Debug|Any CPU.Build.0 = Debug|Any CPU
		{72F48391-0000-0000-0000-000000000000}.Debug|x64.ActiveCfg = Debug|x64
		{72F48391-0000-0000-0000-000000000000}.Debug|x64.Build.0 = Debug|x64
		{72F48391-0000-0000-0000-000000000000}.Release|x86.ActiveCfg = Release|x86
		{72F48391-0000-0000-0000-000000000000}.Release|x86.Build.0 = Release|x86
		{72F48391-0000-0000-0000-000000000000}.Release|Any CPU.ActiveCfg = Release|Any CPU
		{72F48391-0000-0000-0000-000000000000}.Release|Any CPU.Build.0 = Release|Any CPU
		{72F48391-0000-0000-0000-000000000000}.Release|x64.ActiveCfg = Release|x64
		{72F48391-0000-0000-0000-000000000000}.Release|x64.Build.0 = Release|x64
		{A4F18EF9-0000-0000-0000-000000000000}.Debug|x86.ActiveCfg = Debug|x86
		{A4F18EF9-0000-0000-0000-000000000000}.Debug|x86.Build.0 = Debug|x86
		{A4F18EF9-0000-0000-0000-000000000000}.Debug|Any CPU.ActiveCfg = Debug|Any CPU
		{A4F18EF9-0000-0000-0000-000000000000}.Debug|Any CPU.Build.0 = Debug|Any CPU
		{A4F18EF9-0000-0000-0000-000000000000}.Debug|x64.ActiveCfg = Debug|x64
		{A4F18EF9-0000-0000-0000-000000000000}.Debug|x64.Build.0 = Debug|x64
		{A4F18EF9-0000-0000-0000-000000000000}.Release|x86.ActiveCfg = Release|x86
		{A4F18EF9-0000-0000-0000-000000000000}.Release|x86.Build.0 = Release|x86
		{A4F18EF9-0000-0000-0000-000000000000}.Release|Any CPU.ActiveCfg = Release|Any CPU
		{A4F18EF9-0000-0000-0000-000000000000}.Release|Any CPU.Build.0 = Release|Any CPU
		{A4F18EF9-0000-0000-0000-000000000000}.Release|x64.ActiveCfg = Release|x64
		{A4F18EF9-0000-0000-0000-000000000000}.Release|x64.Build.0 = Release|x64
		{4965AE95-0000-0000-0000-000000000000}.Debug|x86.ActiveCfg = Debug|x86
		{4965AE95-0000-0000-0000-000000000000}.Debug|x86.Build.0 = Debug|x86
		{4965AE95-0000-0000-0000-000000000000}.Debug|Any CPU.ActiveCfg = Debug|Any CPU
		{4965AE95-0000-0000-0000-000000000000}.Debug|Any CPU.Build.0 = Debug|Any CPU
		{4965AE95-0000-0000-0000-000000000000}.Debug|x64.ActiveCfg = Debug|x64
		{4965AE95-0000-0000-0000-000000000000}.Debug|x64.Build.0 = Debug|x64
		{4965AE95-0000-0000-0000-000000000000}.Release|x86.ActiveCfg = Release|x86
		{4965AE95-0000-0000-0000-000000000000}.Release|x86.Build.0 = Release|x86
		{4965AE95-0000-0000-0000-000000000000}.Release|Any CPU.ActiveCfg = Release|Any CPU
		{4965AE95-0000-0000-0000-000000000000}.Release|Any CPU.Build.0 = Release|Any CPU
		{4965AE95-0000-0000-0000-000000000000}.Release|x64.ActiveCfg = Release|x64
		{4965AE95-0000-0000-0000-000000000000}.Release|x64.Build.0 = Release|x64
		{5F491141-0000-0000-0000-000000000000}.Debug|x86.ActiveCfg = Debug|x86
		{5F491141-0000-0000-0000-000000000000}.Debug|x86.Build.0 = Debug|x86
		{5F491141-0000-0000-0000-000000000000}.Debug|Any CPU.ActiveCfg = Debug|Any CPU
		{5F491141-0000-0000-0000-000000000000}.Debug|Any CPU.Build.0 = Debug|Any CPU
		{5F491141-0000-0000-0000-000000000000}.Debug|x64.ActiveCfg = Debug|x64
		{5F491141-0000-0000-0000-000000000000}.Debug|x64.Build.0 = Debug|x64
		{5F491141-0000-0000-0000-000000000000}.Release|x86.ActiveCfg = Release|x86
		{5F491141-0000-0000-0000-000000000000}.Release|x86.Build.0 = Release|x86
		{5F491141-0000-0000-0000-000000000000}.Release|Any CPU.ActiveCfg = Release|Any CPU
		{5F491141-0000-0000-0000-000000000000}.Release|Any CPU.Build.0 = Release|Any CPU
		{5F491141-0000-0000-0000-000000000000}.Release|x64.ActiveCfg = Release|x64
		{5F491141-0000-0000-0000-000000000000}.Release|x64.Build.0 = Release|x64
		{51454B80-0000-0000-0000-000000000000}.Debug|x86.ActiveCfg = Debug|x86
		{51454B80-0000-0000-0000-000000000000}.Debug|x86.Build.0 = Debug|x86
		{51454B80-0000-0000-0000-000000000000}.Debug|Any CPU.ActiveCfg = Debug|Any CPU
		{51454B80-0000-0000-0000-000000000000}.Debug|Any CPU.Build.0 = Debug|Any CPU
		{51454B80-0000-0000-0000-000000000000}.Debug|x64.ActiveCfg = Debug|x64
		{51454B80-0000-0000-0000-000000000000}.Debug|x64.Build.0 = Debug|x64
		{51454B80-0000-0000-0000-000000000000}.Release|x86.ActiveCfg = Release|x86
		{51454B80-0000-0000-0000-000000000000}.Release|x86.Build.0 = Release|x86
		{51454B80-0000-0000-0000-000000000000}.Release|Any CPU.ActiveCfg = Release|Any CPU
		{51454B80-0000-0000-0000-000000000000}.Release|Any CPU.Build.0 = Release|Any CPU
		{51454B80-0000-0000-0000-000000000000}.Release|x64.ActiveCfg = Release|x64
		{51454B80-0000-0000-0000-000000000000}.Release|x64.Build.0 = Release|x64
		{33176A97-0000-0000-0000-000000000000}.Debug|x86.ActiveCfg = Debug|x86
		{33176A97-0000-0000-0000-000000000000}.Debug|x86.Build.0 = Debug|x86
		{33176A97-0000-0000-0000-000000000000}.Debug|Any CPU.ActiveCfg = Debug|Any CPU
		{33176A97-0000-0000-0000-000000000000}.Debug|Any CPU.Build.0 = Debug|Any CPU
		{33176A97-0000-0000-0000-000000000000}.Debug|x64.ActiveCfg = Debug|x64
		{33176A97-0000-0000-0000-000000000000}.Debug|x64.Build.0 = Debug|x64
		{33176A97-0000-0000-0000-000000000000}.Release|x86.ActiveCfg = Release|x86
		{33176A97-0000-0000-0000-000000000000}.Release|x86.Build.0 = Release|x86
		{33176A97-0000-0000-0000-000000000000}.Release|Any CPU.ActiveCfg = Release|Any CPU
		{33176A97-0000-0000-0000-000000000000}.Release|Any CPU.Build.0 = Release|Any CPU
		{33176A97-0000-0000-0000-000000000000}.Release|x64.ActiveCfg = Release|x64
		{33176A97-0000-0000-0000-000000000000}.Release|x64.Build.0 = Release|x64
		{4B5CBCA9-0000-0000-0000-000000000000}.Debug|x86.ActiveCfg = Debug|x86
		{4B5CBCA9-0000-0000-0000-000000000000}.Debug|x86.Build.0 = Debug|x86
		{4B5CBCA9-0000-0000-0000-000000000000}.Debug|Any CPU.ActiveCfg = Debug|Any CPU
		{4B5CBCA9-0000-0000-0000-000000000000}.Debug|Any CPU.Build.0 = Debug|Any CPU
		{4B5CBCA9-0000-0000-0000-000000000000}.Debug|x64.ActiveCfg = Debug|x64
		{4B5CBCA9-0000-0000-0000-000000000000}.Debug|x64.Build.0 = Debug|x64
		{4B5CBCA9-0000-0000-0000-000000000000}.Release|x86.ActiveCfg = Release|x86
		{4B5CBCA9-0000-0000-0000-000000000000}.Release|x86.Build.0 = Release|x86
		{4B5CBCA9-0000-0000-0000-000000000000}.Release|Any CPU.ActiveCfg = Release|Any CPU
		{4B5CBCA9-0000-0000-0000-000000000000}.Release|Any CPU.Build.0 = Release|Any CPU
		{4B5CBCA9-0000-0000-0000-000000000000}.Release|x64.ActiveCfg = Release|x64
		{4B5CBCA9-0000-0000-0000-000000000000}.Release|x64.Build.0 = Release|x64
		{C4B61191-0000-0000-0000-000000000000}.Debug|x86.ActiveCfg = Debug|x86
		{C4B61191-0000-0000-0000-000000000000}.Debug|x86.Build.0 = Debug|x86
		{C4B61191-0000-0000-0000-000000000000}.Debug|Any CPU.ActiveCfg = Debug|Any CPU
		{C4B61191-0000-0000-0000-000000000000}.Debug|Any CPU.Build.0 = Debug|Any CPU
		{C4B61191-0000-0000-0000-000000000000}.Debug|x64.ActiveCfg = Debug|x64
		{C4B61191-0000-0000-0000-000000000000}.Debug|x64.Build.0 = Debug|x64
		{C4B61191-0000-0000-0000-000000000000}.Release|x86.ActiveCfg = Release|x86
		{C4B61191-0000-0000-0000-000000000000}.Release|x86.Build.0 = Release|x86
		{C4B61191-0000-0000-0000-000000000000}.Release|Any CPU.ActiveCfg = Release|Any CPU
		{C4B61191-0000-0000-0000-000000000000}.Release|Any CPU.Build.0 = Release|Any CPU
		{C4B61191-0000-0000-0000-000000000000}.Release|x64.ActiveCfg = Release|x64
		{C4B61191-0000-0000-0000-000000000000}.Release|x64.Build.0 = Release|x64
		{2CA3EFC9-0000-0000-0000-000000000000}.Debug|x86.ActiveCfg = Debug|x86
		{2CA3EFC9-0000-0000-0000-000000000000}.Debug|x86.Build.0 = Debug|x86
		{2CA3EFC9-0000-0000-0000-000000000000}.Debug|Any CPU.ActiveCfg = Debug|Any CPU
		{2CA3EFC9-0000-0000-0000-000000000000}.Debug|Any CPU.Build.0 = Debug|Any CPU
		{2CA3EFC9-0000-0000-0000-000000000000}.Debug|x64.ActiveCfg = Debug|x64
		{2CA3EFC9-0000-0000-0000-000000000000}.Debug|x64.Build.0 = Debug|x64
		{2CA3EFC9-0000-0000-0000-000000000000}.Release|x86.ActiveCfg = Release|x86
		{2CA3EFC9-0000-0000-0000-000000000000}.Release|x86.Build.0 = Release|x86
		{2CA3EFC9-0000-0000-0000-000000000000}.Release|Any CPU.ActiveCfg = Release|Any CPU
		{2CA3EFC9-0000-0000-0000-000000000000}.Release|Any CPU.Build.0 = Release|Any CPU
		{2CA3EFC9-0000-0000-0000-000000000000}.Release|x64.ActiveCfg = Release|x64
		{2CA3EFC9-0000-0000-0000-000000000000}.Release|x64.Build.0 = Release|x64
		{8F4B0FEA-0000-0000-0000-000000000000}.Debug|x86.ActiveCfg = Debug|x86
		{8F4B0FEA-0000-0000-0000-000000000000}.Debug|x86.Build.0 = Debug|x86
		{8F4B0FEA-0000-0000-0000-000000000000}.Debug|Any CPU.ActiveCfg = Debug|Any CPU
		{8F4B0FEA-0000-0000-0000-000000000000}.Debug|Any CPU.Build.0 = Debug|Any CPU
		{8F4B0FEA-0000-0000-0000-000000000000}.Debug|x64.ActiveCfg = Debug|x64
		{8F4B0FEA-0000-0000-0000-000000000000}.Debug|x64.Build.0 = Debug|x64
		{8F4B0FEA-0000-0000-0000-000000000000}.Release|x86.ActiveCfg = Release|x86
		{8F4B0FEA-0000-0000-0000-000000000000}.Release|x86.Build.0 = Release|x86
		{8F4B0FEA-0000-0000-0000-000000000000}.Release|Any CPU.ActiveCfg = Release|Any CPU
		{8F4B0FEA-0000-0000-0000-000000000000}.Release|Any CPU.Build.0 = Release|Any CPU
		{8F4B0FEA-0000-0000-0000-000000000000}.Release|x64.ActiveCfg = Release|x64
		{8F4B0FEA-0000-0000-0000-000000000000}.Release|x64.Build.0 = Release|x64
		{535EEFBB-0000-0000-0000-000000000000}.Debug|x86.ActiveCfg = Debug|x86
		{535EEFBB-0000-0000-0000-000000000000}.Debug|x86.Build.0 = Debug|x86
		{535EEFBB-0000-0000-0000-000000000000}.Debug|Any CPU.ActiveCfg = Debug|Any CPU
		{535EEFBB-0000-0000-0000-000000000000}.Debug|Any CPU.Build.0 = Debug|Any CPU
		{535EEFBB-0000-0000-0000-000000000000}.Debug|x64.ActiveCfg = Debug|x64
		{535EEFBB-0000-0000-0000-000000000000}.Debug|x64.Build.0 = Debug|x64
		{535EEFBB-0000-0000-0000-000000000000}.Release|x86.ActiveCfg = Release|x86
		{535EEFBB-0000-0000-0000-000000000000}.Release|x86.Build.0 = Release|x86
		{535EEFBB-0000-0000-0000-000000000000}.Release|Any CPU.ActiveCfg = Release|Any CPU
		{535EEFBB-0000-0000-0000-000000000000}.Release|Any CPU.Build.0 = Release|Any CPU
		{535EEFBB-0000-0000-0000-000000000000}.Release|x64.ActiveCfg = Release|x64
		{535EEFBB-0000-0000-0000-000000000000}.Release|x64.Build.0 = Release|x64
		{9169B545-0000-0000-0000-000000000000}.Debug|x86.ActiveCfg = Debug|x86
		{9169B545-0000-0000-0000-000000000000}.Debug|x86.Build.0 = Debug|x86
		{9169B545-0000-0000-0000-000000000000}.Debug|Any CPU.ActiveCfg = Debug|Any CPU
		{9169B545-0000-0000-0000-000000000000}.Debug|Any CPU.Build.0 = Debug|Any CPU
		{9169B545-0000-0000-0000-000000000000}.Debug|x64.ActiveCfg = Debug|x64
		{9169B545-0000-0000-0000-000000000000}.Debug|x64.Build.0 = Debug|x64
		{9169B545-0000-0000-0000-000000000000}.Release|x86.ActiveCfg = Release|x86
		{9169B545-0000-0000-0000-000000000000}.Release|x86.Build.0 = Release|x86
		{9169B545-0000-0000-0000-000000000000}.Release|Any CPU.ActiveCfg = Release|Any CPU
		{9169B545-0000-0000-0000-000000000000}.Release|Any CPU.Build.0 = Release|Any CPU
		{9169B545-0000-0000-0000-000000000000}.Release|x64.ActiveCfg = Release|x64
		{9169B545-0000-0000-0000-000000000000}.Release|x64.Build.0 = Release|x64
		{12D5CB3F-0000-0000-0000-000000000000}.Debug|x86.ActiveCfg = Debug|x86
		{12D5CB3F-0000-0000-0000-000000000000}.Debug|x86.Build.0 = Debug|x86
		{12D5CB3F-0000-0000-0000-000000000000}.Debug|Any CPU.ActiveCfg = Debug|Any CPU
		{12D5CB3F-0000-0000-0000-000000000000}.Debug|Any CPU.Build.0 = Debug|Any CPU
		{12D5CB3F-0000-0000-0000-000000000000}.Debug|x64.ActiveCfg = Debug|x64
		{12D5CB3F-0000-0000-0000-000000000000}.Debug|x64.Build.0 = Debug|x64
		{12D5CB3F-0000-0000-0000-000000000000}.Release|x86.ActiveCfg = Release|x86
		{12D5CB3F-0000-0000-0000-000000000000}.Release|x86.Build.0 = Release|x86
		{12D5CB3F-0000-0000-0000-000000000000}.Release|Any CPU.ActiveCfg = Release|Any CPU
		{12D5CB3F-0000-0000-0000-000000000000}.Release|Any CPU.Build.0 = Release|Any CPU
		{12D5CB3F-0000-0000-0000-000000000000}.Release|x64.ActiveCfg = Release|x64
		{12D5CB3F-0000-0000-0000-000000000000}.Release|x64.Build.0 = Release|x64
		{C22347CF-0000-0000-0000-000000000000}.Debug|x86.ActiveCfg = Debug|x86
		{C22347CF-0000-0000-0000-000000000000}.Debug|x86.Build.0 = Debug|x86
		{C22347CF-0000-0000-0000-000000000000}.Debug|Any CPU.ActiveCfg = Debug|Any CPU
		{C22347CF-0000-0000-0000-000000000000}.Debug|Any CPU.Build.0 = Debug|Any CPU
		{C22347CF-0000-0000-0000-000000000000}.Debug|x64.ActiveCfg = Debug|x64
		{C22347CF-0000-0000-0000-000000000000}.Debug|x64.Build.0 = Debug|x64
		{C22347CF-0000-0000-0000-000000000000}.Release|x86.ActiveCfg = Release|x86
		{C22347CF-0000-0000-0000-000000000000}.Release|x86.Build.0 = Release|x86
		{C22347CF-0000-0000-0000-000000000000}.Release|Any CPU.ActiveCfg = Release|Any CPU
		{C22347CF-0000-0000-0000-000000000000}.Release|Any CPU.Build.0 = Release|Any CPU
		{C22347CF-0000-0000-0000-000000000000}.Release|x64.ActiveCfg = Release|x64
		{C22347CF-0000-0000-0000-000000000000}.Release|x64.Build.0 = Release|x64
	EndGlobalSection
EndGlobal
